
Microsoft Visual Studio Solution File, Format Version 12.00
# Visual Studio 15
VisualStudioVersion = 15.0.26730.16
MinimumVisualStudioVersion = 10.0.40219.1
Project("{9A19103F-16F7-4668-BE54-9A1E7A4F7556}") = "AngularWebApi.Server", "AngularWebApi.Server\AngularWebApi.Server.csproj", "{753D738E-AB87-4843-8DD9-01EC5325707B}"
EndProject
Project("{9A19103F-16F7-4668-BE54-9A1E7A4F7556}") = "AngularDemo.Models", "AngularDemo.Models\AngularDemo.Models.csproj", "{32A69275-03FC-4683-B0DE-B62DB8B23881}"
EndProject
Project("{9A19103F-16F7-4668-BE54-9A1E7A4F7556}") = "AngularDemo.ViewModels", "AngularDemo.ViewModels\AngularDemo.ViewModels.csproj", "{54AD9E09-75F6-4D35-A992-4168E4E44B53}"
EndProject
Global
	GlobalSection(SolutionConfigurationPlatforms) = preSolution
		Debug|Any CPU = Debug|Any CPU
		Release|Any CPU = Release|Any CPU
	EndGlobalSection
	GlobalSection(ProjectConfigurationPlatforms) = postSolution
		{753D738E-AB87-4843-8DD9-01EC5325707B}.Debug|Any CPU.ActiveCfg = Debug|Any CPU
		{753D738E-AB87-4843-8DD9-01EC5325707B}.Debug|Any CPU.Build.0 = Debug|Any CPU
		{753D738E-AB87-4843-8DD9-01EC5325707B}.Release|Any CPU.ActiveCfg = Release|Any CPU
		{753D738E-AB87-4843-8DD9-01EC5325707B}.Release|Any CPU.Build.0 = Release|Any CPU
		{32A69275-03FC-4683-B0DE-B62DB8B23881}.Debug|Any CPU.ActiveCfg = Debug|Any CPU
		{32A69275-03FC-4683-B0DE-B62DB8B23881}.Debug|Any CPU.Build.0 = Debug|Any CPU
		{32A69275-03FC-4683-B0DE-B62DB8B23881}.Release|Any CPU.ActiveCfg = Release|Any CPU
		{32A69275-03FC-4683-B0DE-B62DB8B23881}.Release|Any CPU.Build.0 = Release|Any CPU
		{54AD9E09-75F6-4D35-A992-4168E4E44B53}.Debug|Any CPU.ActiveCfg = Debug|Any CPU
		{54AD9E09-75F6-4D35-A992-4168E4E44B53}.Debug|Any CPU.Build.0 = Debug|Any CPU
		{54AD9E09-75F6-4D35-A992-4168E4E44B53}.Release|Any CPU.ActiveCfg = Release|Any CPU
		{54AD9E09-75F6-4D35-A992-4168E4E44B53}.Release|Any CPU.Build.0 = Release|Any CPU
	EndGlobalSection
	GlobalSection(SolutionProperties) = preSolution
		HideSolutionNode = FALSE
	EndGlobalSection
	GlobalSection(ExtensibilityGlobals) = postSolution
		SolutionGuid = {5490D7D6-FA7E-427E-9BC8-877F7410013B}
	EndGlobalSection
EndGlobal
